
Microsoft Visual Studio Solution File, Format Version 12.00
# Visual Studio Version 17
VisualStudioVersion = 17.0.32112.339
MinimumVisualStudioVersion = 10.0.40219.1
Project("{FAE04EC0-301F-11D3-BF4B-00C04F79EFBC}") = "Space.Program", "Space.Program\Space.Program.csproj", "{D87201BA-E97B-4F07-96E9-C81CA0904645}"
EndProject
Project("{FAE04EC0-301F-11D3-BF4B-00C04F79EFBC}") = "Space.Program.Unit.Tests", "Space.Program.Unit.Tests\Space.Program.Unit.Tests.csproj", "{14F7DAC5-96B5-42A1-8775-DBFDFAEE05DC}"
EndProject
Global
	GlobalSection(SolutionConfigurationPlatforms) = preSolution
		Debug|Any CPU = Debug|Any CPU
		Release|Any CPU = Release|Any CPU
	EndGlobalSection
	GlobalSection(ProjectConfigurationPlatforms) = postSolution
		{D87201BA-E97B-4F07-96E9-C81CA0904645}.Debug|Any CPU.ActiveCfg = Debug|Any CPU
		{D87201BA-E97B-4F07-96E9-C81CA0904645}.Debug|Any CPU.Build.0 = Debug|Any CPU
		{D87201BA-E97B-4F07-96E9-C81CA0904645}.Release|Any CPU.ActiveCfg = Release|Any CPU
		{D87201BA-E97B-4F07-96E9-C81CA0904645}.Release|Any CPU.Build.0 = Release|Any CPU
		{14F7DAC5-96B5-42A1-8775-DBFDFAEE05DC}.Debug|Any CPU.ActiveCfg = Debug|Any CPU
		{14F7DAC5-96B5-42A1-8775-DBFDFAEE05DC}.Debug|Any CPU.Build.0 = Debug|Any CPU
		{14F7DAC5-96B5-42A1-8775-DBFDFAEE05DC}.Release|Any CPU.ActiveCfg = Release|Any CPU
		{14F7DAC5-96B5-42A1-8775-DBFDFAEE05DC}.Release|Any CPU.Build.0 = Release|Any CPU
	EndGlobalSection
	GlobalSection(SolutionProperties) = preSolution
		HideSolutionNode = FALSE
	EndGlobalSection
	GlobalSection(ExtensibilityGlobals) = postSolution
		SolutionGuid = {A0A04973-5A79-4075-8F1C-E8E6BC859B97}
	EndGlobalSection
EndGlobal
